
Microsoft Visual Studio Solution File, Format Version 12.00
# Visual Studio Version 17
VisualStudioVersion = 17.11.35312.102
MinimumVisualStudioVersion = 10.0.40219.1
Project("{9A19103F-16F7-4668-BE54-9A1E7A4F7556}") = "Ratbags.Core", "Ratbags.Core\Ratbags.Core.csproj", "{F1CF5D7F-0651-4477-8F95-7FBD07116970}"
EndProject
Global
	GlobalSection(SolutionConfigurationPlatforms) = preSolution
		Debug|Any CPU = Debug|Any CPU
		Release|Any CPU = Release|Any CPU
	EndGlobalSection
	GlobalSection(ProjectConfigurationPlatforms) = postSolution
		{F1CF5D7F-0651-4477-8F95-7FBD07116970}.Debug|Any CPU.ActiveCfg = Debug|Any CPU
		{F1CF5D7F-0651-4477-8F95-7FBD07116970}.Debug|Any CPU.Build.0 = Debug|Any CPU
		{F1CF5D7F-0651-4477-8F95-7FBD07116970}.Release|Any CPU.ActiveCfg = Release|Any CPU
		{F1CF5D7F-0651-4477-8F95-7FBD07116970}.Release|Any CPU.Build.0 = Release|Any CPU
	EndGlobalSection
	GlobalSection(SolutionProperties) = preSolution
		HideSolutionNode = FALSE
	EndGlobalSection
	GlobalSection(ExtensibilityGlobals) = postSolution
		SolutionGuid = {E2CB423C-6294-425C-AFEF-78F591CA6CBB}
	EndGlobalSection
EndGlobal
